// !$*UTF8*$!
{
	archiveVersion = 1;
	classes = {
	};
	objectVersion = 56;
	objects = {

/* Begin PBXBuildFile section */
		4F0934A92AAFFAC50063371B /* AppDelegate.swift in Sources */ = {isa = PBXBuildFile; fileRef = 4F0934A82AAFFAC50063371B /* AppDelegate.swift */; };
		4F0934AB2AAFFAC50063371B /* SceneDelegate.swift in Sources */ = {isa = PBXBuildFile; fileRef = 4F0934AA2AAFFAC50063371B /* SceneDelegate.swift */; };
		4F0934AD2AAFFAC50063371B /* CalculatorViewController.swift in Sources */ = {isa = PBXBuildFile; fileRef = 4F0934AC2AAFFAC50063371B /* CalculatorViewController.swift */; };
		4F0934B22AAFFAC70063371B /* Assets.xcassets in Resources */ = {isa = PBXBuildFile; fileRef = 4F0934B12AAFFAC70063371B /* Assets.xcassets */; };
		4F0934B52AAFFAC70063371B /* LaunchScreen.storyboard in Resources */ = {isa = PBXBuildFile; fileRef = 4F0934B32AAFFAC70063371B /* LaunchScreen.storyboard */; };
		4F0934C32AAFFB360063371B /* Tip_CalculatorTests.swift in Sources */ = {isa = PBXBuildFile; fileRef = 4F0934C22AAFFB360063371B /* Tip_CalculatorTests.swift */; };
		4F0934D02AAFFB5C0063371B /* Tip_CalculatorUITests.swift in Sources */ = {isa = PBXBuildFile; fileRef = 4F0934CF2AAFFB5C0063371B /* Tip_CalculatorUITests.swift */; };
		4F0934D22AAFFB5C0063371B /* Tip_CalculatorUITestsLaunchTests.swift in Sources */ = {isa = PBXBuildFile; fileRef = 4F0934D12AAFFB5C0063371B /* Tip_CalculatorUITestsLaunchTests.swift */; };
		4F0934DA2AAFFF040063371B /* CombineCocoa in Frameworks */ = {isa = PBXBuildFile; productRef = 4F0934D92AAFFF040063371B /* CombineCocoa */; };
		4F0934DD2AAFFF440063371B /* SnapKit in Frameworks */ = {isa = PBXBuildFile; productRef = 4F0934DC2AAFFF440063371B /* SnapKit */; };
		4F0934E02AAFFF730063371B /* CombineCocoa in Frameworks */ = {isa = PBXBuildFile; productRef = 4F0934DF2AAFFF730063371B /* CombineCocoa */; };
		4F0934E32AB000170063371B /* SnapshotTesting in Frameworks */ = {isa = PBXBuildFile; productRef = 4F0934E22AB000170063371B /* SnapshotTesting */; };
		4F0934E52AB0002D0063371B /* CombineCocoa in Frameworks */ = {isa = PBXBuildFile; productRef = 4F0934E42AB0002D0063371B /* CombineCocoa */; };
		4F0934E82AB00DDA0063371B /* LogoView.swift in Sources */ = {isa = PBXBuildFile; fileRef = 4F0934E72AB00DDA0063371B /* LogoView.swift */; };
		4F0934EA2AB00E7E0063371B /* ResultView.swift in Sources */ = {isa = PBXBuildFile; fileRef = 4F0934E92AB00E7E0063371B /* ResultView.swift */; };
		4F0934EC2AB00E980063371B /* BillInputView.swift in Sources */ = {isa = PBXBuildFile; fileRef = 4F0934EB2AB00E980063371B /* BillInputView.swift */; };
		4F0934EE2AB00EB00063371B /* TipInputView.swift in Sources */ = {isa = PBXBuildFile; fileRef = 4F0934ED2AB00EB00063371B /* TipInputView.swift */; };
		4F0934F02AB00F1A0063371B /* SplitInputView.swift in Sources */ = {isa = PBXBuildFile; fileRef = 4F0934EF2AB00F1A0063371B /* SplitInputView.swift */; };
		4F0934F42AB016E70063371B /* ThemeColor.swift in Sources */ = {isa = PBXBuildFile; fileRef = 4F0934F32AB016E70063371B /* ThemeColor.swift */; };
		4F0934F62AB016F20063371B /* ThemeFont.swift in Sources */ = {isa = PBXBuildFile; fileRef = 4F0934F52AB016F20063371B /* ThemeFont.swift */; };
		4F0934F82AB0171A0063371B /* UIColor+.swift in Sources */ = {isa = PBXBuildFile; fileRef = 4F0934F72AB0171A0063371B /* UIColor+.swift */; };
		4F1DA2FB2AB7E88E00B16044 /* LabelFactory.swift in Sources */ = {isa = PBXBuildFile; fileRef = 4F1DA2FA2AB7E88E00B16044 /* LabelFactory.swift */; };
		4F1DA2FD2AB7F56C00B16044 /* UIView+.swift in Sources */ = {isa = PBXBuildFile; fileRef = 4F1DA2FC2AB7F56C00B16044 /* UIView+.swift */; };
		4F1DA2FF2AB7FF5A00B16044 /* AmountView.swift in Sources */ = {isa = PBXBuildFile; fileRef = 4F1DA2FE2AB7FF5A00B16044 /* AmountView.swift */; };
		4FBC10752ABAD2820032C37F /* Tip.swift in Sources */ = {isa = PBXBuildFile; fileRef = 4FBC10742ABAD2820032C37F /* Tip.swift */; };
		4FBC10772ABAD29F0032C37F /* HeaderView.swift in Sources */ = {isa = PBXBuildFile; fileRef = 4FBC10762ABAD29F0032C37F /* HeaderView.swift */; };
/* End PBXBuildFile section */

/* Begin PBXContainerItemProxy section */
		4F0934C42AAFFB360063371B /* PBXContainerItemProxy */ = {
			isa = PBXContainerItemProxy;
			containerPortal = 4F09349D2AAFFAC50063371B /* Project object */;
			proxyType = 1;
			remoteGlobalIDString = 4F0934A42AAFFAC50063371B;
			remoteInfo = "Tip-Calculator";
		};
		4F0934D32AAFFB5C0063371B /* PBXContainerItemProxy */ = {
			isa = PBXContainerItemProxy;
			containerPortal = 4F09349D2AAFFAC50063371B /* Project object */;
			proxyType = 1;
			remoteGlobalIDString = 4F0934A42AAFFAC50063371B;
			remoteInfo = "Tip-Calculator";
		};
/* End PBXContainerItemProxy section */

/* Begin PBXFileReference section */
		4F0934A52AAFFAC50063371B /* Tip-Calculator.app */ = {isa = PBXFileReference; explicitFileType = wrapper.application; includeInIndex = 0; path = "Tip-Calculator.app"; sourceTree = BUILT_PRODUCTS_DIR; };
		4F0934A82AAFFAC50063371B /* AppDelegate.swift */ = {isa = PBXFileReference; lastKnownFileType = sourcecode.swift; path = AppDelegate.swift; sourceTree = "<group>"; };
		4F0934AA2AAFFAC50063371B /* SceneDelegate.swift */ = {isa = PBXFileReference; lastKnownFileType = sourcecode.swift; path = SceneDelegate.swift; sourceTree = "<group>"; };
		4F0934AC2AAFFAC50063371B /* CalculatorViewController.swift */ = {isa = PBXFileReference; lastKnownFileType = sourcecode.swift; path = CalculatorViewController.swift; sourceTree = "<group>"; };
		4F0934B12AAFFAC70063371B /* Assets.xcassets */ = {isa = PBXFileReference; lastKnownFileType = folder.assetcatalog; path = Assets.xcassets; sourceTree = "<group>"; };
		4F0934B42AAFFAC70063371B /* Base */ = {isa = PBXFileReference; lastKnownFileType = file.storyboard; name = Base; path = Base.lproj/LaunchScreen.storyboard; sourceTree = "<group>"; };
		4F0934B62AAFFAC70063371B /* Info.plist */ = {isa = PBXFileReference; lastKnownFileType = text.plist.xml; path = Info.plist; sourceTree = "<group>"; };
		4F0934C02AAFFB360063371B /* Tip-CalculatorTests.xctest */ = {isa = PBXFileReference; explicitFileType = wrapper.cfbundle; includeInIndex = 0; path = "Tip-CalculatorTests.xctest"; sourceTree = BUILT_PRODUCTS_DIR; };
		4F0934C22AAFFB360063371B /* Tip_CalculatorTests.swift */ = {isa = PBXFileReference; lastKnownFileType = sourcecode.swift; path = Tip_CalculatorTests.swift; sourceTree = "<group>"; };
		4F0934CD2AAFFB5C0063371B /* Tip-CalculatorUITests.xctest */ = {isa = PBXFileReference; explicitFileType = wrapper.cfbundle; includeInIndex = 0; path = "Tip-CalculatorUITests.xctest"; sourceTree = BUILT_PRODUCTS_DIR; };
		4F0934CF2AAFFB5C0063371B /* Tip_CalculatorUITests.swift */ = {isa = PBXFileReference; lastKnownFileType = sourcecode.swift; path = Tip_CalculatorUITests.swift; sourceTree = "<group>"; };
		4F0934D12AAFFB5C0063371B /* Tip_CalculatorUITestsLaunchTests.swift */ = {isa = PBXFileReference; lastKnownFileType = sourcecode.swift; path = Tip_CalculatorUITestsLaunchTests.swift; sourceTree = "<group>"; };
		4F0934E72AB00DDA0063371B /* LogoView.swift */ = {isa = PBXFileReference; lastKnownFileType = sourcecode.swift; path = LogoView.swift; sourceTree = "<group>"; };
		4F0934E92AB00E7E0063371B /* ResultView.swift */ = {isa = PBXFileReference; lastKnownFileType = sourcecode.swift; path = ResultView.swift; sourceTree = "<group>"; };
		4F0934EB2AB00E980063371B /* BillInputView.swift */ = {isa = PBXFileReference; lastKnownFileType = sourcecode.swift; path = BillInputView.swift; sourceTree = "<group>"; };
		4F0934ED2AB00EB00063371B /* TipInputView.swift */ = {isa = PBXFileReference; lastKnownFileType = sourcecode.swift; path = TipInputView.swift; sourceTree = "<group>"; };
		4F0934EF2AB00F1A0063371B /* SplitInputView.swift */ = {isa = PBXFileReference; lastKnownFileType = sourcecode.swift; path = SplitInputView.swift; sourceTree = "<group>"; };
		4F0934F32AB016E70063371B /* ThemeColor.swift */ = {isa = PBXFileReference; lastKnownFileType = sourcecode.swift; path = ThemeColor.swift; sourceTree = "<group>"; };
		4F0934F52AB016F20063371B /* ThemeFont.swift */ = {isa = PBXFileReference; lastKnownFileType = sourcecode.swift; path = ThemeFont.swift; sourceTree = "<group>"; };
		4F0934F72AB0171A0063371B /* UIColor+.swift */ = {isa = PBXFileReference; lastKnownFileType = sourcecode.swift; path = "UIColor+.swift"; sourceTree = "<group>"; };
		4F1DA2FA2AB7E88E00B16044 /* LabelFactory.swift */ = {isa = PBXFileReference; lastKnownFileType = sourcecode.swift; path = LabelFactory.swift; sourceTree = "<group>"; };
		4F1DA2FC2AB7F56C00B16044 /* UIView+.swift */ = {isa = PBXFileReference; lastKnownFileType = sourcecode.swift; path = "UIView+.swift"; sourceTree = "<group>"; };
		4F1DA2FE2AB7FF5A00B16044 /* AmountView.swift */ = {isa = PBXFileReference; lastKnownFileType = sourcecode.swift; path = AmountView.swift; sourceTree = "<group>"; };
		4FBC10742ABAD2820032C37F /* Tip.swift */ = {isa = PBXFileReference; lastKnownFileType = sourcecode.swift; path = Tip.swift; sourceTree = "<group>"; };
		4FBC10762ABAD29F0032C37F /* HeaderView.swift */ = {isa = PBXFileReference; lastKnownFileType = sourcecode.swift; path = HeaderView.swift; sourceTree = "<group>"; };
/* End PBXFileReference section */

/* Begin PBXFrameworksBuildPhase section */
		4F0934A22AAFFAC50063371B /* Frameworks */ = {
			isa = PBXFrameworksBuildPhase;
			buildActionMask = 2147483647;
			files = (
				4F0934DA2AAFFF040063371B /* CombineCocoa in Frameworks */,
				4F0934DD2AAFFF440063371B /* SnapKit in Frameworks */,
			);
			runOnlyForDeploymentPostprocessing = 0;
		};
		4F0934BD2AAFFB360063371B /* Frameworks */ = {
			isa = PBXFrameworksBuildPhase;
			buildActionMask = 2147483647;
			files = (
				4F0934E02AAFFF730063371B /* CombineCocoa in Frameworks */,
				4F0934E32AB000170063371B /* SnapshotTesting in Frameworks */,
			);
			runOnlyForDeploymentPostprocessing = 0;
		};
		4F0934CA2AAFFB5C0063371B /* Frameworks */ = {
			isa = PBXFrameworksBuildPhase;
			buildActionMask = 2147483647;
			files = (
				4F0934E52AB0002D0063371B /* CombineCocoa in Frameworks */,
			);
			runOnlyForDeploymentPostprocessing = 0;
		};
/* End PBXFrameworksBuildPhase section */

/* Begin PBXGroup section */
		4F09349C2AAFFAC50063371B = {
			isa = PBXGroup;
			children = (
				4F0934A72AAFFAC50063371B /* Tip-Calculator */,
				4F0934C12AAFFB360063371B /* Tip-CalculatorTests */,
				4F0934CE2AAFFB5C0063371B /* Tip-CalculatorUITests */,
				4F0934A62AAFFAC50063371B /* Products */,
				4F0934DE2AAFFF730063371B /* Frameworks */,
			);
			sourceTree = "<group>";
		};
		4F0934A62AAFFAC50063371B /* Products */ = {
			isa = PBXGroup;
			children = (
				4F0934A52AAFFAC50063371B /* Tip-Calculator.app */,
				4F0934C02AAFFB360063371B /* Tip-CalculatorTests.xctest */,
				4F0934CD2AAFFB5C0063371B /* Tip-CalculatorUITests.xctest */,
			);
			name = Products;
			sourceTree = "<group>";
		};
		4F0934A72AAFFAC50063371B /* Tip-Calculator */ = {
			isa = PBXGroup;
			children = (
				4FBC10732ABAD2700032C37F /* Model */,
				4F1DA2F92AB7E87C00B16044 /* Factory */,
				4F0934F12AB016B20063371B /* Resources */,
				4F0934E62AB00DCC0063371B /* View */,
				4F0934A82AAFFAC50063371B /* AppDelegate.swift */,
				4F0934AA2AAFFAC50063371B /* SceneDelegate.swift */,
				4F0934AC2AAFFAC50063371B /* CalculatorViewController.swift */,
				4F0934B12AAFFAC70063371B /* Assets.xcassets */,
				4F0934B32AAFFAC70063371B /* LaunchScreen.storyboard */,
				4F0934B62AAFFAC70063371B /* Info.plist */,
			);
			path = "Tip-Calculator";
			sourceTree = "<group>";
		};
		4F0934C12AAFFB360063371B /* Tip-CalculatorTests */ = {
			isa = PBXGroup;
			children = (
				4F0934C22AAFFB360063371B /* Tip_CalculatorTests.swift */,
			);
			path = "Tip-CalculatorTests";
			sourceTree = "<group>";
		};
		4F0934CE2AAFFB5C0063371B /* Tip-CalculatorUITests */ = {
			isa = PBXGroup;
			children = (
				4F0934CF2AAFFB5C0063371B /* Tip_CalculatorUITests.swift */,
				4F0934D12AAFFB5C0063371B /* Tip_CalculatorUITestsLaunchTests.swift */,
			);
			path = "Tip-CalculatorUITests";
			sourceTree = "<group>";
		};
		4F0934DE2AAFFF730063371B /* Frameworks */ = {
			isa = PBXGroup;
			children = (
			);
			name = Frameworks;
			sourceTree = "<group>";
		};
		4F0934E62AB00DCC0063371B /* View */ = {
			isa = PBXGroup;
			children = (
				4F0934E72AB00DDA0063371B /* LogoView.swift */,
				4F0934E92AB00E7E0063371B /* ResultView.swift */,
				4F0934EB2AB00E980063371B /* BillInputView.swift */,
				4F0934ED2AB00EB00063371B /* TipInputView.swift */,
				4F0934EF2AB00F1A0063371B /* SplitInputView.swift */,
				4F1DA2FE2AB7FF5A00B16044 /* AmountView.swift */,
				4FBC10762ABAD29F0032C37F /* HeaderView.swift */,
			);
			path = View;
			sourceTree = "<group>";
		};
		4F0934F12AB016B20063371B /* Resources */ = {
			isa = PBXGroup;
			children = (
				4F0934F22AB016D40063371B /* Extensions */,
				4F0934F32AB016E70063371B /* ThemeColor.swift */,
				4F0934F52AB016F20063371B /* ThemeFont.swift */,
			);
			path = Resources;
			sourceTree = "<group>";
		};
		4F0934F22AB016D40063371B /* Extensions */ = {
			isa = PBXGroup;
			children = (
				4F0934F72AB0171A0063371B /* UIColor+.swift */,
				4F1DA2FC2AB7F56C00B16044 /* UIView+.swift */,
			);
			path = Extensions;
			sourceTree = "<group>";
		};
		4F1DA2F92AB7E87C00B16044 /* Factory */ = {
			isa = PBXGroup;
			children = (
				4F1DA2FA2AB7E88E00B16044 /* LabelFactory.swift */,
			);
			path = Factory;
			sourceTree = "<group>";
		};
		4FBC10732ABAD2700032C37F /* Model */ = {
			isa = PBXGroup;
			children = (
				4FBC10742ABAD2820032C37F /* Tip.swift */,
			);
			path = Model;
			sourceTree = "<group>";
		};
/* End PBXGroup section */

/* Begin PBXNativeTarget section */
		4F0934A42AAFFAC50063371B /* Tip-Calculator */ = {
			isa = PBXNativeTarget;
			buildConfigurationList = 4F0934B92AAFFAC70063371B /* Build configuration list for PBXNativeTarget "Tip-Calculator" */;
			buildPhases = (
				4F0934A12AAFFAC50063371B /* Sources */,
				4F0934A22AAFFAC50063371B /* Frameworks */,
				4F0934A32AAFFAC50063371B /* Resources */,
			);
			buildRules = (
			);
			dependencies = (
			);
			name = "Tip-Calculator";
			packageProductDependencies = (
				4F0934D92AAFFF040063371B /* CombineCocoa */,
				4F0934DC2AAFFF440063371B /* SnapKit */,
			);
			productName = "Tip-Calculator";
			productReference = 4F0934A52AAFFAC50063371B /* Tip-Calculator.app */;
			productType = "com.apple.product-type.application";
		};
		4F0934BF2AAFFB360063371B /* Tip-CalculatorTests */ = {
			isa = PBXNativeTarget;
			buildConfigurationList = 4F0934C62AAFFB360063371B /* Build configuration list for PBXNativeTarget "Tip-CalculatorTests" */;
			buildPhases = (
				4F0934BC2AAFFB360063371B /* Sources */,
				4F0934BD2AAFFB360063371B /* Frameworks */,
				4F0934BE2AAFFB360063371B /* Resources */,
			);
			buildRules = (
			);
			dependencies = (
				4F0934C52AAFFB360063371B /* PBXTargetDependency */,
			);
			name = "Tip-CalculatorTests";
			packageProductDependencies = (
				4F0934DF2AAFFF730063371B /* CombineCocoa */,
				4F0934E22AB000170063371B /* SnapshotTesting */,
			);
			productName = "Tip-CalculatorTests";
			productReference = 4F0934C02AAFFB360063371B /* Tip-CalculatorTests.xctest */;
			productType = "com.apple.product-type.bundle.unit-test";
		};
		4F0934CC2AAFFB5C0063371B /* Tip-CalculatorUITests */ = {
			isa = PBXNativeTarget;
			buildConfigurationList = 4F0934D52AAFFB5C0063371B /* Build configuration list for PBXNativeTarget "Tip-CalculatorUITests" */;
			buildPhases = (
				4F0934C92AAFFB5C0063371B /* Sources */,
				4F0934CA2AAFFB5C0063371B /* Frameworks */,
				4F0934CB2AAFFB5C0063371B /* Resources */,
			);
			buildRules = (
			);
			dependencies = (
				4F0934D42AAFFB5C0063371B /* PBXTargetDependency */,
			);
			name = "Tip-CalculatorUITests";
			packageProductDependencies = (
				4F0934E42AB0002D0063371B /* CombineCocoa */,
			);
			productName = "Tip-CalculatorUITests";
			productReference = 4F0934CD2AAFFB5C0063371B /* Tip-CalculatorUITests.xctest */;
			productType = "com.apple.product-type.bundle.ui-testing";
		};
/* End PBXNativeTarget section */

/* Begin PBXProject section */
		4F09349D2AAFFAC50063371B /* Project object */ = {
			isa = PBXProject;
			attributes = {
				BuildIndependentTargetsInParallel = 1;
				LastSwiftUpdateCheck = 1500;
				LastUpgradeCheck = 1500;
				TargetAttributes = {
					4F0934A42AAFFAC50063371B = {
						CreatedOnToolsVersion = 15.0;
					};
					4F0934BF2AAFFB360063371B = {
						CreatedOnToolsVersion = 15.0;
						TestTargetID = 4F0934A42AAFFAC50063371B;
					};
					4F0934CC2AAFFB5C0063371B = {
						CreatedOnToolsVersion = 15.0;
						TestTargetID = 4F0934A42AAFFAC50063371B;
					};
				};
			};
			buildConfigurationList = 4F0934A02AAFFAC50063371B /* Build configuration list for PBXProject "Tip-Calculator" */;
			compatibilityVersion = "Xcode 14.0";
			developmentRegion = en;
			hasScannedForEncodings = 0;
			knownRegions = (
				en,
				Base,
			);
			mainGroup = 4F09349C2AAFFAC50063371B;
			packageReferences = (
				4F0934D82AAFFF040063371B /* XCRemoteSwiftPackageReference "CombineCocoa" */,
				4F0934DB2AAFFF440063371B /* XCRemoteSwiftPackageReference "SnapKit" */,
				4F0934E12AB000170063371B /* XCRemoteSwiftPackageReference "swift-snapshot-testing" */,
			);
			productRefGroup = 4F0934A62AAFFAC50063371B /* Products */;
			projectDirPath = "";
			projectRoot = "";
			targets = (
				4F0934A42AAFFAC50063371B /* Tip-Calculator */,
				4F0934BF2AAFFB360063371B /* Tip-CalculatorTests */,
				4F0934CC2AAFFB5C0063371B /* Tip-CalculatorUITests */,
			);
		};
/* End PBXProject section */

/* Begin PBXResourcesBuildPhase section */
		4F0934A32AAFFAC50063371B /* Resources */ = {
			isa = PBXResourcesBuildPhase;
			buildActionMask = 2147483647;
			files = (
				4F0934B52AAFFAC70063371B /* LaunchScreen.storyboard in Resources */,
				4F0934B22AAFFAC70063371B /* Assets.xcassets in Resources */,
			);
			runOnlyForDeploymentPostprocessing = 0;
		};
		4F0934BE2AAFFB360063371B /* Resources */ = {
			isa = PBXResourcesBuildPhase;
			buildActionMask = 2147483647;
			files = (
			);
			runOnlyForDeploymentPostprocessing = 0;
		};
		4F0934CB2AAFFB5C0063371B /* Resources */ = {
			isa = PBXResourcesBuildPhase;
			buildActionMask = 2147483647;
			files = (
			);
			runOnlyForDeploymentPostprocessing = 0;
		};
/* End PBXResourcesBuildPhase section */

/* Begin PBXSourcesBuildPhase section */
		4F0934A12AAFFAC50063371B /* Sources */ = {
			isa = PBXSourcesBuildPhase;
			buildActionMask = 2147483647;
			files = (
				4F1DA2FF2AB7FF5A00B16044 /* AmountView.swift in Sources */,
				4F0934AD2AAFFAC50063371B /* CalculatorViewController.swift in Sources */,
				4F0934E82AB00DDA0063371B /* LogoView.swift in Sources */,
				4F0934F42AB016E70063371B /* ThemeColor.swift in Sources */,
				4F0934EC2AB00E980063371B /* BillInputView.swift in Sources */,
				4F0934F82AB0171A0063371B /* UIColor+.swift in Sources */,
				4F0934EA2AB00E7E0063371B /* ResultView.swift in Sources */,
				4F0934A92AAFFAC50063371B /* AppDelegate.swift in Sources */,
				4F0934F62AB016F20063371B /* ThemeFont.swift in Sources */,
				4F0934AB2AAFFAC50063371B /* SceneDelegate.swift in Sources */,
				4F1DA2FB2AB7E88E00B16044 /* LabelFactory.swift in Sources */,
				4F1DA2FD2AB7F56C00B16044 /* UIView+.swift in Sources */,
				4FBC10752ABAD2820032C37F /* Tip.swift in Sources */,
				4F0934F02AB00F1A0063371B /* SplitInputView.swift in Sources */,
				4F0934EE2AB00EB00063371B /* TipInputView.swift in Sources */,
				4FBC10772ABAD29F0032C37F /* HeaderView.swift in Sources */,
			);
			runOnlyForDeploymentPostprocessing = 0;
		};
		4F0934BC2AAFFB360063371B /* Sources */ = {
			isa = PBXSourcesBuildPhase;
			buildActionMask = 2147483647;
			files = (
				4F0934C32AAFFB360063371B /* Tip_CalculatorTests.swift in Sources */,
			);
			runOnlyForDeploymentPostprocessing = 0;
		};
		4F0934C92AAFFB5C0063371B /* Sources */ = {
			isa = PBXSourcesBuildPhase;
			buildActionMask = 2147483647;
			files = (
				4F0934D22AAFFB5C0063371B /* Tip_CalculatorUITestsLaunchTests.swift in Sources */,
				4F0934D02AAFFB5C0063371B /* Tip_CalculatorUITests.swift in Sources */,
			);
			runOnlyForDeploymentPostprocessing = 0;
		};
/* End PBXSourcesBuildPhase section */

/* Begin PBXTargetDependency section */
		4F0934C52AAFFB360063371B /* PBXTargetDependency */ = {
			isa = PBXTargetDependency;
			target = 4F0934A42AAFFAC50063371B /* Tip-Calculator */;
			targetProxy = 4F0934C42AAFFB360063371B /* PBXContainerItemProxy */;
		};
		4F0934D42AAFFB5C0063371B /* PBXTargetDependency */ = {
			isa = PBXTargetDependency;
			target = 4F0934A42AAFFAC50063371B /* Tip-Calculator */;
			targetProxy = 4F0934D32AAFFB5C0063371B /* PBXContainerItemProxy */;
		};
/* End PBXTargetDependency section */

/* Begin PBXVariantGroup section */
		4F0934B32AAFFAC70063371B /* LaunchScreen.storyboard */ = {
			isa = PBXVariantGroup;
			children = (
				4F0934B42AAFFAC70063371B /* Base */,
			);
			name = LaunchScreen.storyboard;
			sourceTree = "<group>";
		};
/* End PBXVariantGroup section */

/* Begin XCBuildConfiguration section */
		4F0934B72AAFFAC70063371B /* Debug */ = {
			isa = XCBuildConfiguration;
			buildSettings = {
				ALWAYS_SEARCH_USER_PATHS = NO;
				ASSETCATALOG_COMPILER_GENERATE_SWIFT_ASSET_SYMBOL_EXTENSIONS = YES;
				CLANG_ANALYZER_NONNULL = YES;
				CLANG_ANALYZER_NUMBER_OBJECT_CONVERSION = YES_AGGRESSIVE;
				CLANG_CXX_LANGUAGE_STANDARD = "gnu++20";
				CLANG_ENABLE_MODULES = YES;
				CLANG_ENABLE_OBJC_ARC = YES;
				CLANG_ENABLE_OBJC_WEAK = YES;
				CLANG_WARN_BLOCK_CAPTURE_AUTORELEASING = YES;
				CLANG_WARN_BOOL_CONVERSION = YES;
				CLANG_WARN_COMMA = YES;
				CLANG_WARN_CONSTANT_CONVERSION = YES;
				CLANG_WARN_DEPRECATED_OBJC_IMPLEMENTATIONS = YES;
				CLANG_WARN_DIRECT_OBJC_ISA_USAGE = YES_ERROR;
				CLANG_WARN_DOCUMENTATION_COMMENTS = YES;
				CLANG_WARN_EMPTY_BODY = YES;
				CLANG_WARN_ENUM_CONVERSION = YES;
				CLANG_WARN_INFINITE_RECURSION = YES;
				CLANG_WARN_INT_CONVERSION = YES;
				CLANG_WARN_NON_LITERAL_NULL_CONVERSION = YES;
				CLANG_WARN_OBJC_IMPLICIT_RETAIN_SELF = YES;
				CLANG_WARN_OBJC_LITERAL_CONVERSION = YES;
				CLANG_WARN_OBJC_ROOT_CLASS = YES_ERROR;
				CLANG_WARN_QUOTED_INCLUDE_IN_FRAMEWORK_HEADER = YES;
				CLANG_WARN_RANGE_LOOP_ANALYSIS = YES;
				CLANG_WARN_STRICT_PROTOTYPES = YES;
				CLANG_WARN_SUSPICIOUS_MOVE = YES;
				CLANG_WARN_UNGUARDED_AVAILABILITY = YES_AGGRESSIVE;
				CLANG_WARN_UNREACHABLE_CODE = YES;
				CLANG_WARN__DUPLICATE_METHOD_MATCH = YES;
				COPY_PHASE_STRIP = NO;
				DEBUG_INFORMATION_FORMAT = dwarf;
				ENABLE_STRICT_OBJC_MSGSEND = YES;
				ENABLE_TESTABILITY = YES;
				ENABLE_USER_SCRIPT_SANDBOXING = YES;
				GCC_C_LANGUAGE_STANDARD = gnu17;
				GCC_DYNAMIC_NO_PIC = NO;
				GCC_NO_COMMON_BLOCKS = YES;
				GCC_OPTIMIZATION_LEVEL = 0;
				GCC_PREPROCESSOR_DEFINITIONS = (
					"DEBUG=1",
					"$(inherited)",
				);
				GCC_WARN_64_TO_32_BIT_CONVERSION = YES;
				GCC_WARN_ABOUT_RETURN_TYPE = YES_ERROR;
				GCC_WARN_UNDECLARED_SELECTOR = YES;
				GCC_WARN_UNINITIALIZED_AUTOS = YES_AGGRESSIVE;
				GCC_WARN_UNUSED_FUNCTION = YES;
				GCC_WARN_UNUSED_VARIABLE = YES;
				IPHONEOS_DEPLOYMENT_TARGET = 17.0;
				LOCALIZATION_PREFERS_STRING_CATALOGS = YES;
				MTL_ENABLE_DEBUG_INFO = INCLUDE_SOURCE;
				MTL_FAST_MATH = YES;
				ONLY_ACTIVE_ARCH = YES;
				SDKROOT = iphoneos;
				SWIFT_ACTIVE_COMPILATION_CONDITIONS = "DEBUG $(inherited)";
				SWIFT_OPTIMIZATION_LEVEL = "-Onone";
			};
			name = Debug;
		};
		4F0934B82AAFFAC70063371B /* Release */ = {
			isa = XCBuildConfiguration;
			buildSettings = {
				ALWAYS_SEARCH_USER_PATHS = NO;
				ASSETCATALOG_COMPILER_GENERATE_SWIFT_ASSET_SYMBOL_EXTENSIONS = YES;
				CLANG_ANALYZER_NONNULL = YES;
				CLANG_ANALYZER_NUMBER_OBJECT_CONVERSION = YES_AGGRESSIVE;
				CLANG_CXX_LANGUAGE_STANDARD = "gnu++20";
				CLANG_ENABLE_MODULES = YES;
				CLANG_ENABLE_OBJC_ARC = YES;
				CLANG_ENABLE_OBJC_WEAK = YES;
				CLANG_WARN_BLOCK_CAPTURE_AUTORELEASING = YES;
				CLANG_WARN_BOOL_CONVERSION = YES;
				CLANG_WARN_COMMA = YES;
				CLANG_WARN_CONSTANT_CONVERSION = YES;
				CLANG_WARN_DEPRECATED_OBJC_IMPLEMENTATIONS = YES;
				CLANG_WARN_DIRECT_OBJC_ISA_USAGE = YES_ERROR;
				CLANG_WARN_DOCUMENTATION_COMMENTS = YES;
				CLANG_WARN_EMPTY_BODY = YES;
				CLANG_WARN_ENUM_CONVERSION = YES;
				CLANG_WARN_INFINITE_RECURSION = YES;
				CLANG_WARN_INT_CONVERSION = YES;
				CLANG_WARN_NON_LITERAL_NULL_CONVERSION = YES;
				CLANG_WARN_OBJC_IMPLICIT_RETAIN_SELF = YES;
				CLANG_WARN_OBJC_LITERAL_CONVERSION = YES;
				CLANG_WARN_OBJC_ROOT_CLASS = YES_ERROR;
				CLANG_WARN_QUOTED_INCLUDE_IN_FRAMEWORK_HEADER = YES;
				CLANG_WARN_RANGE_LOOP_ANALYSIS = YES;
				CLANG_WARN_STRICT_PROTOTYPES = YES;
				CLANG_WARN_SUSPICIOUS_MOVE = YES;
				CLANG_WARN_UNGUARDED_AVAILABILITY = YES_AGGRESSIVE;
				CLANG_WARN_UNREACHABLE_CODE = YES;
				CLANG_WARN__DUPLICATE_METHOD_MATCH = YES;
				COPY_PHASE_STRIP = NO;
				DEBUG_INFORMATION_FORMAT = "dwarf-with-dsym";
				ENABLE_NS_ASSERTIONS = NO;
				ENABLE_STRICT_OBJC_MSGSEND = YES;
				ENABLE_USER_SCRIPT_SANDBOXING = YES;
				GCC_C_LANGUAGE_STANDARD = gnu17;
				GCC_NO_COMMON_BLOCKS = YES;
				GCC_WARN_64_TO_32_BIT_CONVERSION = YES;
				GCC_WARN_ABOUT_RETURN_TYPE = YES_ERROR;
				GCC_WARN_UNDECLARED_SELECTOR = YES;
				GCC_WARN_UNINITIALIZED_AUTOS = YES_AGGRESSIVE;
				GCC_WARN_UNUSED_FUNCTION = YES;
				GCC_WARN_UNUSED_VARIABLE = YES;
				IPHONEOS_DEPLOYMENT_TARGET = 17.0;
				LOCALIZATION_PREFERS_STRING_CATALOGS = YES;
				MTL_ENABLE_DEBUG_INFO = NO;
				MTL_FAST_MATH = YES;
				SDKROOT = iphoneos;
				SWIFT_COMPILATION_MODE = wholemodule;
				VALIDATE_PRODUCT = YES;
			};
			name = Release;
		};
		4F0934BA2AAFFAC70063371B /* Debug */ = {
			isa = XCBuildConfiguration;
			buildSettings = {
				ASSETCATALOG_COMPILER_APPICON_NAME = AppIcon;
				ASSETCATALOG_COMPILER_GLOBAL_ACCENT_COLOR_NAME = AccentColor;
				CODE_SIGN_STYLE = Automatic;
				CURRENT_PROJECT_VERSION = 1;
				DEVELOPMENT_TEAM = 6U2TAM5353;
				GENERATE_INFOPLIST_FILE = YES;
				INFOPLIST_FILE = "Tip-Calculator/Info.plist";
				INFOPLIST_KEY_UIApplicationSupportsIndirectInputEvents = YES;
				INFOPLIST_KEY_UILaunchStoryboardName = LaunchScreen;
				INFOPLIST_KEY_UISupportedInterfaceOrientations_iPad = "UIInterfaceOrientationPortrait UIInterfaceOrientationPortraitUpsideDown UIInterfaceOrientationLandscapeLeft UIInterfaceOrientationLandscapeRight";
				INFOPLIST_KEY_UISupportedInterfaceOrientations_iPhone = "UIInterfaceOrientationPortrait UIInterfaceOrientationLandscapeLeft UIInterfaceOrientationLandscapeRight";
				LD_RUNPATH_SEARCH_PATHS = (
					"$(inherited)",
					"@executable_path/Frameworks",
				);
				MARKETING_VERSION = 1.0;
				PRODUCT_BUNDLE_IDENTIFIER = "com.krauserhuang.Tip-Calculator";
				PRODUCT_NAME = "$(TARGET_NAME)";
				SWIFT_EMIT_LOC_STRINGS = YES;
				SWIFT_VERSION = 5.0;
				TARGETED_DEVICE_FAMILY = "1,2";
			};
			name = Debug;
		};
		4F0934BB2AAFFAC70063371B /* Release */ = {
			isa = XCBuildConfiguration;
			buildSettings = {
				ASSETCATALOG_COMPILER_APPICON_NAME = AppIcon;
				ASSETCATALOG_COMPILER_GLOBAL_ACCENT_COLOR_NAME = AccentColor;
				CODE_SIGN_STYLE = Automatic;
				CURRENT_PROJECT_VERSION = 1;
				DEVELOPMENT_TEAM = 6U2TAM5353;
				GENERATE_INFOPLIST_FILE = YES;
				INFOPLIST_FILE = "Tip-Calculator/Info.plist";
				INFOPLIST_KEY_UIApplicationSupportsIndirectInputEvents = YES;
				INFOPLIST_KEY_UILaunchStoryboardName = LaunchScreen;
				INFOPLIST_KEY_UISupportedInterfaceOrientations_iPad = "UIInterfaceOrientationPortrait UIInterfaceOrientationPortraitUpsideDown UIInterfaceOrientationLandscapeLeft UIInterfaceOrientationLandscapeRight";
				INFOPLIST_KEY_UISupportedInterfaceOrientations_iPhone = "UIInterfaceOrientationPortrait UIInterfaceOrientationLandscapeLeft UIInterfaceOrientationLandscapeRight";
				LD_RUNPATH_SEARCH_PATHS = (
					"$(inherited)",
					"@executable_path/Frameworks",
				);
				MARKETING_VERSION = 1.0;
				PRODUCT_BUNDLE_IDENTIFIER = "com.krauserhuang.Tip-Calculator";
				PRODUCT_NAME = "$(TARGET_NAME)";
				SWIFT_EMIT_LOC_STRINGS = YES;
				SWIFT_VERSION = 5.0;
				TARGETED_DEVICE_FAMILY = "1,2";
			};
			name = Release;
		};
		4F0934C72AAFFB360063371B /* Debug */ = {
			isa = XCBuildConfiguration;
			buildSettings = {
				BUNDLE_LOADER = "$(TEST_HOST)";
				CODE_SIGN_STYLE = Automatic;
				CURRENT_PROJECT_VERSION = 1;
				DEVELOPMENT_TEAM = 6U2TAM5353;
				GENERATE_INFOPLIST_FILE = YES;
				MARKETING_VERSION = 1.0;
				PRODUCT_BUNDLE_IDENTIFIER = "com.krauserhuang.Tip-CalculatorTests";
				PRODUCT_NAME = "$(TARGET_NAME)";
				SWIFT_EMIT_LOC_STRINGS = NO;
				SWIFT_VERSION = 5.0;
				TARGETED_DEVICE_FAMILY = "1,2";
				TEST_HOST = "$(BUILT_PRODUCTS_DIR)/Tip-Calculator.app/$(BUNDLE_EXECUTABLE_FOLDER_PATH)/Tip-Calculator";
			};
			name = Debug;
		};
		4F0934C82AAFFB360063371B /* Release */ = {
			isa = XCBuildConfiguration;
			buildSettings = {
				BUNDLE_LOADER = "$(TEST_HOST)";
				CODE_SIGN_STYLE = Automatic;
				CURRENT_PROJECT_VERSION = 1;
				DEVELOPMENT_TEAM = 6U2TAM5353;
				GENERATE_INFOPLIST_FILE = YES;
				MARKETING_VERSION = 1.0;
				PRODUCT_BUNDLE_IDENTIFIER = "com.krauserhuang.Tip-CalculatorTests";
				PRODUCT_NAME = "$(TARGET_NAME)";
				SWIFT_EMIT_LOC_STRINGS = NO;
				SWIFT_VERSION = 5.0;
				TARGETED_DEVICE_FAMILY = "1,2";
				TEST_HOST = "$(BUILT_PRODUCTS_DIR)/Tip-Calculator.app/$(BUNDLE_EXECUTABLE_FOLDER_PATH)/Tip-Calculator";
			};
			name = Release;
		};
		4F0934D62AAFFB5C0063371B /* Debug */ = {
			isa = XCBuildConfiguration;
			buildSettings = {
				CODE_SIGN_STYLE = Automatic;
				CURRENT_PROJECT_VERSION = 1;
				DEVELOPMENT_TEAM = 6U2TAM5353;
				GENERATE_INFOPLIST_FILE = YES;
				MARKETING_VERSION = 1.0;
				PRODUCT_BUNDLE_IDENTIFIER = "com.krauserhuang.Tip-CalculatorUITests";
				PRODUCT_NAME = "$(TARGET_NAME)";
				SWIFT_EMIT_LOC_STRINGS = NO;
				SWIFT_VERSION = 5.0;
				TARGETED_DEVICE_FAMILY = "1,2";
				TEST_TARGET_NAME = "Tip-Calculator";
			};
			name = Debug;
		};
		4F0934D72AAFFB5C0063371B /* Release */ = {
			isa = XCBuildConfiguration;
			buildSettings = {
				CODE_SIGN_STYLE = Automatic;
				CURRENT_PROJECT_VERSION = 1;
				DEVELOPMENT_TEAM = 6U2TAM5353;
				GENERATE_INFOPLIST_FILE = YES;
				MARKETING_VERSION = 1.0;
				PRODUCT_BUNDLE_IDENTIFIER = "com.krauserhuang.Tip-CalculatorUITests";
				PRODUCT_NAME = "$(TARGET_NAME)";
				SWIFT_EMIT_LOC_STRINGS = NO;
				SWIFT_VERSION = 5.0;
				TARGETED_DEVICE_FAMILY = "1,2";
				TEST_TARGET_NAME = "Tip-Calculator";
			};
			name = Release;
		};
/* End XCBuildConfiguration section */

/* Begin XCConfigurationList section */
		4F0934A02AAFFAC50063371B /* Build configuration list for PBXProject "Tip-Calculator" */ = {
			isa = XCConfigurationList;
			buildConfigurations = (
				4F0934B72AAFFAC70063371B /* Debug */,
				4F0934B82AAFFAC70063371B /* Release */,
			);
			defaultConfigurationIsVisible = 0;
			defaultConfigurationName = Release;
		};
		4F0934B92AAFFAC70063371B /* Build configuration list for PBXNativeTarget "Tip-Calculator" */ = {
			isa = XCConfigurationList;
			buildConfigurations = (
				4F0934BA2AAFFAC70063371B /* Debug */,
				4F0934BB2AAFFAC70063371B /* Release */,
			);
			defaultConfigurationIsVisible = 0;
			defaultConfigurationName = Release;
		};
		4F0934C62AAFFB360063371B /* Build configuration list for PBXNativeTarget "Tip-CalculatorTests" */ = {
			isa = XCConfigurationList;
			buildConfigurations = (
				4F0934C72AAFFB360063371B /* Debug */,
				4F0934C82AAFFB360063371B /* Release */,
			);
			defaultConfigurationIsVisible = 0;
			defaultConfigurationName = Release;
		};
		4F0934D52AAFFB5C0063371B /* Build configuration list for PBXNativeTarget "Tip-CalculatorUITests" */ = {
			isa = XCConfigurationList;
			buildConfigurations = (
				4F0934D62AAFFB5C0063371B /* Debug */,
				4F0934D72AAFFB5C0063371B /* Release */,
			);
			defaultConfigurationIsVisible = 0;
			defaultConfigurationName = Release;
		};
/* End XCConfigurationList section */

/* Begin XCRemoteSwiftPackageReference section */
		4F0934D82AAFFF040063371B /* XCRemoteSwiftPackageReference "CombineCocoa" */ = {
			isa = XCRemoteSwiftPackageReference;
			repositoryURL = "https://github.com/CombineCommunity/CombineCocoa";
			requirement = {
				kind = upToNextMinorVersion;
				minimumVersion = 0.4.1;
			};
		};
		4F0934DB2AAFFF440063371B /* XCRemoteSwiftPackageReference "SnapKit" */ = {
			isa = XCRemoteSwiftPackageReference;
			repositoryURL = "https://github.com/SnapKit/SnapKit";
			requirement = {
				kind = upToNextMinorVersion;
				minimumVersion = 5.6.0;
			};
		};
		4F0934E12AB000170063371B /* XCRemoteSwiftPackageReference "swift-snapshot-testing" */ = {
			isa = XCRemoteSwiftPackageReference;
			repositoryURL = "https://github.com/pointfreeco/swift-snapshot-testing";
			requirement = {
				kind = upToNextMinorVersion;
				minimumVersion = 1.12.0;
			};
		};
/* End XCRemoteSwiftPackageReference section */

/* Begin XCSwiftPackageProductDependency section */
		4F0934D92AAFFF040063371B /* CombineCocoa */ = {
			isa = XCSwiftPackageProductDependency;
			package = 4F0934D82AAFFF040063371B /* XCRemoteSwiftPackageReference "CombineCocoa" */;
			productName = CombineCocoa;
		};
		4F0934DC2AAFFF440063371B /* SnapKit */ = {
			isa = XCSwiftPackageProductDependency;
			package = 4F0934DB2AAFFF440063371B /* XCRemoteSwiftPackageReference "SnapKit" */;
			productName = SnapKit;
		};
		4F0934DF2AAFFF730063371B /* CombineCocoa */ = {
			isa = XCSwiftPackageProductDependency;
			package = 4F0934D82AAFFF040063371B /* XCRemoteSwiftPackageReference "CombineCocoa" */;
			productName = CombineCocoa;
		};
		4F0934E22AB000170063371B /* SnapshotTesting */ = {
			isa = XCSwiftPackageProductDependency;
			package = 4F0934E12AB000170063371B /* XCRemoteSwiftPackageReference "swift-snapshot-testing" */;
			productName = SnapshotTesting;
		};
		4F0934E42AB0002D0063371B /* CombineCocoa */ = {
			isa = XCSwiftPackageProductDependency;
			package = 4F0934D82AAFFF040063371B /* XCRemoteSwiftPackageReference "CombineCocoa" */;
			productName = CombineCocoa;
		};
/* End XCSwiftPackageProductDependency section */
	};
	rootObject = 4F09349D2AAFFAC50063371B /* Project object */;
}
